
Microsoft Visual Studio Solution File, Format Version 12.00
# Visual Studio Version 17
VisualStudioVersion = 17.1.32421.90
MinimumVisualStudioVersion = 10.0.40219.1
Project("{9A19103F-16F7-4668-BE54-9A1E7A4F7556}") = "ORMTestingApp.API", "ORMTestApp.API\ORMTestingApp.API.csproj", "{BE6F150B-B49B-4862-9AF3-4BC3E578C4A5}"
EndProject
Project("{9A19103F-16F7-4668-BE54-9A1E7A4F7556}") = "FNHProj.Application", "FNHProj\FNHProj.Application\FNHProj.Application.csproj", "{DD9E548B-126C-477D-A082-C52780F4CF04}"
EndProject
Project("{9A19103F-16F7-4668-BE54-9A1E7A4F7556}") = "FNHProj.Domain", "FNHProj\FNHProj.Domain\FNHProj.Domain.csproj", "{ECC4AFE1-19D6-4FFE-96A1-0C104D5ADF1A}"
EndProject
Project("{9A19103F-16F7-4668-BE54-9A1E7A4F7556}") = "FNHProj.Infrastructure", "FNHProj\FNHProj.Infrastructure\FNHProj.Infrastructure.csproj", "{F6CBAF89-113E-494A-A94C-C5B065D53CC6}"
EndProject
Project("{9A19103F-16F7-4668-BE54-9A1E7A4F7556}") = "DapperProj.Application", "DapperProj\DapperProj.Application\DapperProj.Application.csproj", "{2D6195A7-482D-413B-9B6B-C6A4AE6B1061}"
EndProject
Project("{9A19103F-16F7-4668-BE54-9A1E7A4F7556}") = "DapperProj.Domain", "DapperProj\DapperProj.Domain\DapperProj.Domain.csproj", "{D4D9246D-BA03-481D-974A-FB4FF23C918C}"
EndProject
Project("{9A19103F-16F7-4668-BE54-9A1E7A4F7556}") = "DapperProj.Infrastructure", "DapperProj\DapperProj.Infrastructure\DapperProj.Infrastructure.csproj", "{B7291A1B-E140-4179-A7CC-1A8F6BF3D79D}"
EndProject
Project("{9A19103F-16F7-4668-BE54-9A1E7A4F7556}") = "EFCoreProj.Application", "EFCoreProj\EFCoreProj.Application\EFCoreProj.Application.csproj", "{33369C05-F385-4349-AD5F-8BD94955BA81}"
EndProject
Project("{9A19103F-16F7-4668-BE54-9A1E7A4F7556}") = "EFCoreProj.Domain", "EFCoreProj\EFCoreProj.Domain\EFCoreProj.Domain.csproj", "{02E912E5-9BB4-41AD-8DFE-D8BCB3B69F6E}"
EndProject
Project("{9A19103F-16F7-4668-BE54-9A1E7A4F7556}") = "EFCoreProj.Infrastructure", "EFCoreProj\EFCoreProj.Infrastructure\EFCoreProj.Infrastructure.csproj", "{2110D7AD-02A7-47AD-BD52-20BE3677CADC}"
EndProject
Project("{9A19103F-16F7-4668-BE54-9A1E7A4F7556}") = "EFCoreProj.Test", "EFCoreProj\EFCoreProj.Test\EFCoreProj.Test.csproj", "{D82B5438-2DA5-4282-8F34-29FB97169CBA}"
EndProject
Project("{9A19103F-16F7-4668-BE54-9A1E7A4F7556}") = "FNHProj.Test", "FNHProj\FNHProj.Test\FNHProj.Test.csproj", "{F5B158F0-3B6D-4A00-8D28-742FE79D9C39}"
EndProject
Project("{2150E333-8FDC-42A3-9474-1A3956D46DE8}") = "FNHProj", "FNHProj", "{92C73E26-28AE-4F5F-A60A-7DE1E7C43DF9}"
EndProject
Project("{2150E333-8FDC-42A3-9474-1A3956D46DE8}") = "DapperProj", "DapperProj", "{45BBCE7A-C68C-4445-913A-9E1D4B4FA3BC}"
EndProject
Project("{2150E333-8FDC-42A3-9474-1A3956D46DE8}") = "EFCoreProj", "EFCoreProj", "{393D381F-56B6-4C8E-A568-1B72F3514FFA}"
EndProject
Project("{9A19103F-16F7-4668-BE54-9A1E7A4F7556}") = "DapperProj.Test", "DapperProj\DapperProj.Test\DapperProj.Test.csproj", "{7E4C589E-16B5-4080-8D29-23C4FA83660F}"
EndProject
Global
	GlobalSection(SolutionConfigurationPlatforms) = preSolution
		Debug|Any CPU = Debug|Any CPU
		Release|Any CPU = Release|Any CPU
	EndGlobalSection
	GlobalSection(ProjectConfigurationPlatforms) = postSolution
		{BE6F150B-B49B-4862-9AF3-4BC3E578C4A5}.Debug|Any CPU.ActiveCfg = Debug|Any CPU
		{BE6F150B-B49B-4862-9AF3-4BC3E578C4A5}.Debug|Any CPU.Build.0 = Debug|Any CPU
		{BE6F150B-B49B-4862-9AF3-4BC3E578C4A5}.Release|Any CPU.ActiveCfg = Release|Any CPU
		{BE6F150B-B49B-4862-9AF3-4BC3E578C4A5}.Release|Any CPU.Build.0 = Release|Any CPU
		{DD9E548B-126C-477D-A082-C52780F4CF04}.Debug|Any CPU.ActiveCfg = Debug|Any CPU
		{DD9E548B-126C-477D-A082-C52780F4CF04}.Debug|Any CPU.Build.0 = Debug|Any CPU
		{DD9E548B-126C-477D-A082-C52780F4CF04}.Release|Any CPU.ActiveCfg = Release|Any CPU
		{DD9E548B-126C-477D-A082-C52780F4CF04}.Release|Any CPU.Build.0 = Release|Any CPU
		{ECC4AFE1-19D6-4FFE-96A1-0C104D5ADF1A}.Debug|Any CPU.ActiveCfg = Debug|Any CPU
		{ECC4AFE1-19D6-4FFE-96A1-0C104D5ADF1A}.Debug|Any CPU.Build.0 = Debug|Any CPU
		{ECC4AFE1-19D6-4FFE-96A1-0C104D5ADF1A}.Release|Any CPU.ActiveCfg = Release|Any CPU
		{ECC4AFE1-19D6-4FFE-96A1-0C104D5ADF1A}.Release|Any CPU.Build.0 = Release|Any CPU
		{F6CBAF89-113E-494A-A94C-C5B065D53CC6}.Debug|Any CPU.ActiveCfg = Debug|Any CPU
		{F6CBAF89-113E-494A-A94C-C5B065D53CC6}.Debug|Any CPU.Build.0 = Debug|Any CPU
		{F6CBAF89-113E-494A-A94C-C5B065D53CC6}.Release|Any CPU.ActiveCfg = Release|Any CPU
		{F6CBAF89-113E-494A-A94C-C5B065D53CC6}.Release|Any CPU.Build.0 = Release|Any CPU
		{2D6195A7-482D-413B-9B6B-C6A4AE6B1061}.Debug|Any CPU.ActiveCfg = Debug|Any CPU
		{2D6195A7-482D-413B-9B6B-C6A4AE6B1061}.Debug|Any CPU.Build.0 = Debug|Any CPU
		{2D6195A7-482D-413B-9B6B-C6A4AE6B1061}.Release|Any CPU.ActiveCfg = Release|Any CPU
		{2D6195A7-482D-413B-9B6B-C6A4AE6B1061}.Release|Any CPU.Build.0 = Release|Any CPU
		{D4D9246D-BA03-481D-974A-FB4FF23C918C}.Debug|Any CPU.ActiveCfg = Debug|Any CPU
		{D4D9246D-BA03-481D-974A-FB4FF23C918C}.Debug|Any CPU.Build.0 = Debug|Any CPU
		{D4D9246D-BA03-481D-974A-FB4FF23C918C}.Release|Any CPU.ActiveCfg = Release|Any CPU
		{D4D9246D-BA03-481D-974A-FB4FF23C918C}.Release|Any CPU.Build.0 = Release|Any CPU
		{B7291A1B-E140-4179-A7CC-1A8F6BF3D79D}.Debug|Any CPU.ActiveCfg = Debug|Any CPU
		{B7291A1B-E140-4179-A7CC-1A8F6BF3D79D}.Debug|Any CPU.Build.0 = Debug|Any CPU
		{B7291A1B-E140-4179-A7CC-1A8F6BF3D79D}.Release|Any CPU.ActiveCfg = Release|Any CPU
		{B7291A1B-E140-4179-A7CC-1A8F6BF3D79D}.Release|Any CPU.Build.0 = Release|Any CPU
		{33369C05-F385-4349-AD5F-8BD94955BA81}.Debug|Any CPU.ActiveCfg = Debug|Any CPU
		{33369C05-F385-4349-AD5F-8BD94955BA81}.Debug|Any CPU.Build.0 = Debug|Any CPU
		{33369C05-F385-4349-AD5F-8BD94955BA81}.Release|Any CPU.ActiveCfg = Release|Any CPU
		{33369C05-F385-4349-AD5F-8BD94955BA81}.Release|Any CPU.Build.0 = Release|Any CPU
		{02E912E5-9BB4-41AD-8DFE-D8BCB3B69F6E}.Debug|Any CPU.ActiveCfg = Debug|Any CPU
		{02E912E5-9BB4-41AD-8DFE-D8BCB3B69F6E}.Debug|Any CPU.Build.0 = Debug|Any CPU
		{02E912E5-9BB4-41AD-8DFE-D8BCB3B69F6E}.Release|Any CPU.ActiveCfg = Release|Any CPU
		{02E912E5-9BB4-41AD-8DFE-D8BCB3B69F6E}.Release|Any CPU.Build.0 = Release|Any CPU
		{2110D7AD-02A7-47AD-BD52-20BE3677CADC}.Debug|Any CPU.ActiveCfg = Debug|Any CPU
		{2110D7AD-02A7-47AD-BD52-20BE3677CADC}.Debug|Any CPU.Build.0 = Debug|Any CPU
		{2110D7AD-02A7-47AD-BD52-20BE3677CADC}.Release|Any CPU.ActiveCfg = Release|Any CPU
		{2110D7AD-02A7-47AD-BD52-20BE3677CADC}.Release|Any CPU.Build.0 = Release|Any CPU
		{D82B5438-2DA5-4282-8F34-29FB97169CBA}.Debug|Any CPU.ActiveCfg = Debug|Any CPU
		{D82B5438-2DA5-4282-8F34-29FB97169CBA}.Debug|Any CPU.Build.0 = Debug|Any CPU
		{D82B5438-2DA5-4282-8F34-29FB97169CBA}.Release|Any CPU.ActiveCfg = Release|Any CPU
		{D82B5438-2DA5-4282-8F34-29FB97169CBA}.Release|Any CPU.Build.0 = Release|Any CPU
		{F5B158F0-3B6D-4A00-8D28-742FE79D9C39}.Debug|Any CPU.ActiveCfg = Debug|Any CPU
		{F5B158F0-3B6D-4A00-8D28-742FE79D9C39}.Debug|Any CPU.Build.0 = Debug|Any CPU
		{F5B158F0-3B6D-4A00-8D28-742FE79D9C39}.Release|Any CPU.ActiveCfg = Release|Any CPU
		{F5B158F0-3B6D-4A00-8D28-742FE79D9C39}.Release|Any CPU.Build.0 = Release|Any CPU
		{7E4C589E-16B5-4080-8D29-23C4FA83660F}.Debug|Any CPU.ActiveCfg = Debug|Any CPU
		{7E4C589E-16B5-4080-8D29-23C4FA83660F}.Debug|Any CPU.Build.0 = Debug|Any CPU
		{7E4C589E-16B5-4080-8D29-23C4FA83660F}.Release|Any CPU.ActiveCfg = Release|Any CPU
		{7E4C589E-16B5-4080-8D29-23C4FA83660F}.Release|Any CPU.Build.0 = Release|Any CPU
	EndGlobalSection
	GlobalSection(SolutionProperties) = preSolution
		HideSolutionNode = FALSE
	EndGlobalSection
	GlobalSection(NestedProjects) = preSolution
		{DD9E548B-126C-477D-A082-C52780F4CF04} = {92C73E26-28AE-4F5F-A60A-7DE1E7C43DF9}
		{ECC4AFE1-19D6-4FFE-96A1-0C104D5ADF1A} = {92C73E26-28AE-4F5F-A60A-7DE1E7C43DF9}
		{F6CBAF89-113E-494A-A94C-C5B065D53CC6} = {92C73E26-28AE-4F5F-A60A-7DE1E7C43DF9}
		{2D6195A7-482D-413B-9B6B-C6A4AE6B1061} = {45BBCE7A-C68C-4445-913A-9E1D4B4FA3BC}
		{D4D9246D-BA03-481D-974A-FB4FF23C918C} = {45BBCE7A-C68C-4445-913A-9E1D4B4FA3BC}
		{B7291A1B-E140-4179-A7CC-1A8F6BF3D79D} = {45BBCE7A-C68C-4445-913A-9E1D4B4FA3BC}
		{33369C05-F385-4349-AD5F-8BD94955BA81} = {393D381F-56B6-4C8E-A568-1B72F3514FFA}
		{02E912E5-9BB4-41AD-8DFE-D8BCB3B69F6E} = {393D381F-56B6-4C8E-A568-1B72F3514FFA}
		{2110D7AD-02A7-47AD-BD52-20BE3677CADC} = {393D381F-56B6-4C8E-A568-1B72F3514FFA}
		{D82B5438-2DA5-4282-8F34-29FB97169CBA} = {393D381F-56B6-4C8E-A568-1B72F3514FFA}
		{F5B158F0-3B6D-4A00-8D28-742FE79D9C39} = {92C73E26-28AE-4F5F-A60A-7DE1E7C43DF9}
		{7E4C589E-16B5-4080-8D29-23C4FA83660F} = {45BBCE7A-C68C-4445-913A-9E1D4B4FA3BC}
	EndGlobalSection
	GlobalSection(ExtensibilityGlobals) = postSolution
		SolutionGuid = {948391EB-5CA0-401B-A50F-C0E790070568}
	EndGlobalSection
EndGlobal
